
Microsoft Visual Studio Solution File, Format Version 12.00
# Visual Studio Version 16
VisualStudioVersion = 16.0.29201.188
MinimumVisualStudioVersion = 10.0.40219.1
Project("{FAE04EC0-301F-11D3-BF4B-00C04F79EFBC}") = "GitHub Assignment", "GitHub Assignment\GitHub Assignment.csproj", "{CCEA837C-F0BD-4F3C-9E15-AB135D936E67}"
EndProject
Global
	GlobalSection(SolutionConfigurationPlatforms) = preSolution
		Debug|Any CPU = Debug|Any CPU
		Release|Any CPU = Release|Any CPU
	EndGlobalSection
	GlobalSection(ProjectConfigurationPlatforms) = postSolution
		{CCEA837C-F0BD-4F3C-9E15-AB135D936E67}.Debug|Any CPU.ActiveCfg = Debug|Any CPU
		{CCEA837C-F0BD-4F3C-9E15-AB135D936E67}.Debug|Any CPU.Build.0 = Debug|Any CPU
		{CCEA837C-F0BD-4F3C-9E15-AB135D936E67}.Release|Any CPU.ActiveCfg = Release|Any CPU
		{CCEA837C-F0BD-4F3C-9E15-AB135D936E67}.Release|Any CPU.Build.0 = Release|Any CPU
	EndGlobalSection
	GlobalSection(SolutionProperties) = preSolution
		HideSolutionNode = FALSE
	EndGlobalSection
	GlobalSection(ExtensibilityGlobals) = postSolution
		SolutionGuid = {96B1DE8F-78D4-49C8-9AD3-39A53F938DFF}
	EndGlobalSection
EndGlobal
